
Microsoft Visual Studio Solution File, Format Version 12.00
# Visual Studio Version 17
VisualStudioVersion = 17.4.33122.133
MinimumVisualStudioVersion = 10.0.40219.1
Project("{FAE04EC0-301F-11D3-BF4B-00C04F79EFBC}") = "AdvertisementApp.Common", "AdvertisementApp.Common\AdvertisementApp.Common.csproj", "{1A00090E-2244-4B39-94AC-D8029003F603}"
EndProject
Global
	GlobalSection(SolutionConfigurationPlatforms) = preSolution
		Debug|Any CPU = Debug|Any CPU
		Release|Any CPU = Release|Any CPU
	EndGlobalSection
	GlobalSection(ProjectConfigurationPlatforms) = postSolution
		{1A00090E-2244-4B39-94AC-D8029003F603}.Debug|Any CPU.ActiveCfg = Debug|Any CPU
		{1A00090E-2244-4B39-94AC-D8029003F603}.Debug|Any CPU.Build.0 = Debug|Any CPU
		{1A00090E-2244-4B39-94AC-D8029003F603}.Release|Any CPU.ActiveCfg = Release|Any CPU
		{1A00090E-2244-4B39-94AC-D8029003F603}.Release|Any CPU.Build.0 = Release|Any CPU
	EndGlobalSection
	GlobalSection(SolutionProperties) = preSolution
		HideSolutionNode = FALSE
	EndGlobalSection
	GlobalSection(ExtensibilityGlobals) = postSolution
		SolutionGuid = {EB8504F3-80FC-4327-93AA-5DA698FD2168}
	EndGlobalSection
EndGlobal
